
Microsoft Visual Studio Solution File, Format Version 12.00
# Visual Studio Version 16
VisualStudioVersion = 16.0.29905.134
MinimumVisualStudioVersion = 10.0.40219.1
Project("{9A19103F-16F7-4668-BE54-9A1E7A4F7556}") = "SimpleChatRoom", "SimpleChatRoom\SimpleChatRoom.csproj", "{0F663B5C-20C5-4024-9236-90845E9047EE}"
EndProject
Project("{FAE04EC0-301F-11D3-BF4B-00C04F79EFBC}") = "SimpleChatRooms.Data", "SimpleChatRooms.Data\SimpleChatRooms.Data.csproj", "{090D8686-ED63-4669-807C-3EAC676FFDF7}"
EndProject
Global
	GlobalSection(SolutionConfigurationPlatforms) = preSolution
		Debug|Any CPU = Debug|Any CPU
		Release|Any CPU = Release|Any CPU
	EndGlobalSection
	GlobalSection(ProjectConfigurationPlatforms) = postSolution
		{0F663B5C-20C5-4024-9236-90845E9047EE}.Debug|Any CPU.ActiveCfg = Debug|Any CPU
		{0F663B5C-20C5-4024-9236-90845E9047EE}.Debug|Any CPU.Build.0 = Debug|Any CPU
		{0F663B5C-20C5-4024-9236-90845E9047EE}.Release|Any CPU.ActiveCfg = Release|Any CPU
		{0F663B5C-20C5-4024-9236-90845E9047EE}.Release|Any CPU.Build.0 = Release|Any CPU
		{090D8686-ED63-4669-807C-3EAC676FFDF7}.Debug|Any CPU.ActiveCfg = Debug|Any CPU
		{090D8686-ED63-4669-807C-3EAC676FFDF7}.Debug|Any CPU.Build.0 = Debug|Any CPU
		{090D8686-ED63-4669-807C-3EAC676FFDF7}.Release|Any CPU.ActiveCfg = Release|Any CPU
		{090D8686-ED63-4669-807C-3EAC676FFDF7}.Release|Any CPU.Build.0 = Release|Any CPU
	EndGlobalSection
	GlobalSection(SolutionProperties) = preSolution
		HideSolutionNode = FALSE
	EndGlobalSection
	GlobalSection(ExtensibilityGlobals) = postSolution
		SolutionGuid = {7B6D4B4B-6EBA-48E7-B5CF-DB07871B41EF}
	EndGlobalSection
EndGlobal
